// !$*UTF8*$!
{
	archiveVersion = 1;
	classes = {
	};
	objectVersion = 56;
	objects = {

/* Begin PBXBuildFile section */
		8F2A473228F3F1C9008E0ACB /* export.xml in Resources */ = {isa = PBXBuildFile; fileRef = 8F2A473128F3F1C9008E0ACB /* export.xml */; };
		8F2A473428F3F1D7008E0ACB /* SampleXMLParserDalegate.swift in Sources */ = {isa = PBXBuildFile; fileRef = 8F2A473328F3F1D7008E0ACB /* SampleXMLParserDalegate.swift */; };
		8F2A473728F3F69F008E0ACB /* HealthRecord.swift in Sources */ = {isa = PBXBuildFile; fileRef = 8F2A473628F3F69F008E0ACB /* HealthRecord.swift */; };
		8F2A473A28F3F6D1008E0ACB /* CustomStringConvertible.swift in Sources */ = {isa = PBXBuildFile; fileRef = 8F2A473928F3F6D1008E0ACB /* CustomStringConvertible.swift */; };
		8F2A473C28F3FFBC008E0ACB /* HKWorkoutActivityType.swift in Sources */ = {isa = PBXBuildFile; fileRef = 8F2A473B28F3FFBC008E0ACB /* HKWorkoutActivityType.swift */; };
		8F2A473E28F40EAB008E0ACB /* SamplesImporter.swift in Sources */ = {isa = PBXBuildFile; fileRef = 8F2A473D28F40EAB008E0ACB /* SamplesImporter.swift */; };
		8F2A474028F4226B008E0ACB /* HKCategoryType.swift in Sources */ = {isa = PBXBuildFile; fileRef = 8F2A473F28F4226B008E0ACB /* HKCategoryType.swift */; };
		8F2A474328F44639008E0ACB /* SleepAnalysis.swift in Sources */ = {isa = PBXBuildFile; fileRef = 8F2A474228F44639008E0ACB /* SleepAnalysis.swift */; };
		8F2A474528F4464B008E0ACB /* AppleStandHour.swift in Sources */ = {isa = PBXBuildFile; fileRef = 8F2A474428F4464B008E0ACB /* AppleStandHour.swift */; };
		8F2A474728F44809008E0ACB /* AppleWalkingSteadinessEvent.swift in Sources */ = {isa = PBXBuildFile; fileRef = 8F2A474628F44809008E0ACB /* AppleWalkingSteadinessEvent.swift */; };
		8F2A474928F44A34008E0ACB /* HealthStore.swift in Sources */ = {isa = PBXBuildFile; fileRef = 8F2A474828F44A34008E0ACB /* HealthStore.swift */; };
		8F2A474B28F44CA2008E0ACB /* HealthSampleTypes.swift in Sources */ = {isa = PBXBuildFile; fileRef = 8F2A474A28F44CA2008E0ACB /* HealthSampleTypes.swift */; };
		8FB00F8A28F3EF3A001C317C /* HealthKitXMLImporterApp.swift in Sources */ = {isa = PBXBuildFile; fileRef = 8FB00F8928F3EF3A001C317C /* HealthKitXMLImporterApp.swift */; };
		8FB00F8C28F3EF3A001C317C /* ContentView.swift in Sources */ = {isa = PBXBuildFile; fileRef = 8FB00F8B28F3EF3A001C317C /* ContentView.swift */; };
		8FB00F8E28F3EF3B001C317C /* Assets.xcassets in Resources */ = {isa = PBXBuildFile; fileRef = 8FB00F8D28F3EF3B001C317C /* Assets.xcassets */; };
		8FB00F9128F3EF3B001C317C /* Preview Assets.xcassets in Resources */ = {isa = PBXBuildFile; fileRef = 8FB00F9028F3EF3B001C317C /* Preview Assets.xcassets */; };
/* End PBXBuildFile section */

/* Begin PBXFileReference section */
		8F2A473128F3F1C9008E0ACB /* export.xml */ = {isa = PBXFileReference; fileEncoding = 4; lastKnownFileType = text.xml; path = export.xml; sourceTree = "<group>"; };
		8F2A473328F3F1D7008E0ACB /* SampleXMLParserDalegate.swift */ = {isa = PBXFileReference; lastKnownFileType = sourcecode.swift; path = SampleXMLParserDalegate.swift; sourceTree = "<group>"; };
		8F2A473628F3F69F008E0ACB /* HealthRecord.swift */ = {isa = PBXFileReference; lastKnownFileType = sourcecode.swift; path = HealthRecord.swift; sourceTree = "<group>"; };
		8F2A473928F3F6D1008E0ACB /* CustomStringConvertible.swift */ = {isa = PBXFileReference; lastKnownFileType = sourcecode.swift; path = CustomStringConvertible.swift; sourceTree = "<group>"; };
		8F2A473B28F3FFBC008E0ACB /* HKWorkoutActivityType.swift */ = {isa = PBXFileReference; lastKnownFileType = sourcecode.swift; path = HKWorkoutActivityType.swift; sourceTree = "<group>"; };
		8F2A473D28F40EAB008E0ACB /* SamplesImporter.swift */ = {isa = PBXFileReference; lastKnownFileType = sourcecode.swift; path = SamplesImporter.swift; sourceTree = "<group>"; };
		8F2A473F28F4226B008E0ACB /* HKCategoryType.swift */ = {isa = PBXFileReference; lastKnownFileType = sourcecode.swift; path = HKCategoryType.swift; sourceTree = "<group>"; };
		8F2A474228F44639008E0ACB /* SleepAnalysis.swift */ = {isa = PBXFileReference; lastKnownFileType = sourcecode.swift; path = SleepAnalysis.swift; sourceTree = "<group>"; };
		8F2A474428F4464B008E0ACB /* AppleStandHour.swift */ = {isa = PBXFileReference; lastKnownFileType = sourcecode.swift; path = AppleStandHour.swift; sourceTree = "<group>"; };
		8F2A474628F44809008E0ACB /* AppleWalkingSteadinessEvent.swift */ = {isa = PBXFileReference; lastKnownFileType = sourcecode.swift; path = AppleWalkingSteadinessEvent.swift; sourceTree = "<group>"; };
		8F2A474828F44A34008E0ACB /* HealthStore.swift */ = {isa = PBXFileReference; lastKnownFileType = sourcecode.swift; path = HealthStore.swift; sourceTree = "<group>"; };
		8F2A474A28F44CA2008E0ACB /* HealthSampleTypes.swift */ = {isa = PBXFileReference; lastKnownFileType = sourcecode.swift; path = HealthSampleTypes.swift; sourceTree = "<group>"; };
		8F2A474C28F45268008E0ACB /* HealthKitXMLImporter.entitlements */ = {isa = PBXFileReference; lastKnownFileType = text.plist.entitlements; path = HealthKitXMLImporter.entitlements; sourceTree = "<group>"; };
		8F2A474D28F452FA008E0ACB /* Info.plist */ = {isa = PBXFileReference; lastKnownFileType = text.plist; path = Info.plist; sourceTree = "<group>"; };
		8FB00F8628F3EF3A001C317C /* HealthKitXMLImporter.app */ = {isa = PBXFileReference; explicitFileType = wrapper.application; includeInIndex = 0; path = HealthKitXMLImporter.app; sourceTree = BUILT_PRODUCTS_DIR; };
		8FB00F8928F3EF3A001C317C /* HealthKitXMLImporterApp.swift */ = {isa = PBXFileReference; lastKnownFileType = sourcecode.swift; path = HealthKitXMLImporterApp.swift; sourceTree = "<group>"; };
		8FB00F8B28F3EF3A001C317C /* ContentView.swift */ = {isa = PBXFileReference; lastKnownFileType = sourcecode.swift; path = ContentView.swift; sourceTree = "<group>"; };
		8FB00F8D28F3EF3B001C317C /* Assets.xcassets */ = {isa = PBXFileReference; lastKnownFileType = folder.assetcatalog; path = Assets.xcassets; sourceTree = "<group>"; };
		8FB00F9028F3EF3B001C317C /* Preview Assets.xcassets */ = {isa = PBXFileReference; lastKnownFileType = folder.assetcatalog; path = "Preview Assets.xcassets"; sourceTree = "<group>"; };
/* End PBXFileReference section */

/* Begin PBXFrameworksBuildPhase section */
		8FB00F8328F3EF3A001C317C /* Frameworks */ = {
			isa = PBXFrameworksBuildPhase;
			buildActionMask = 2147483647;
			files = (
			);
			runOnlyForDeploymentPostprocessing = 0;
		};
/* End PBXFrameworksBuildPhase section */

/* Begin PBXGroup section */
		8F2A473028F3F19A008E0ACB /* Utility */ = {
			isa = PBXGroup;
			children = (
				8F2A473328F3F1D7008E0ACB /* SampleXMLParserDalegate.swift */,
				8F2A473D28F40EAB008E0ACB /* SamplesImporter.swift */,
				8F2A474828F44A34008E0ACB /* HealthStore.swift */,
				8F2A474A28F44CA2008E0ACB /* HealthSampleTypes.swift */,
			);
			path = Utility;
			sourceTree = "<group>";
		};
		8F2A473528F3F68F008E0ACB /* Models */ = {
			isa = PBXGroup;
			children = (
				8F2A473628F3F69F008E0ACB /* HealthRecord.swift */,
			);
			path = Models;
			sourceTree = "<group>";
		};
		8F2A473828F3F6CA008E0ACB /* Extensions */ = {
			isa = PBXGroup;
			children = (
				8F2A474128F4462B008E0ACB /* HKCategory */,
				8F2A473928F3F6D1008E0ACB /* CustomStringConvertible.swift */,
				8F2A473B28F3FFBC008E0ACB /* HKWorkoutActivityType.swift */,
			);
			path = Extensions;
			sourceTree = "<group>";
		};
		8F2A474128F4462B008E0ACB /* HKCategory */ = {
			isa = PBXGroup;
			children = (
				8F2A473F28F4226B008E0ACB /* HKCategoryType.swift */,
				8F2A474228F44639008E0ACB /* SleepAnalysis.swift */,
				8F2A474428F4464B008E0ACB /* AppleStandHour.swift */,
				8F2A474628F44809008E0ACB /* AppleWalkingSteadinessEvent.swift */,
			);
			path = HKCategory;
			sourceTree = "<group>";
		};
		8FB00F7D28F3EF3A001C317C = {
			isa = PBXGroup;
			children = (
				8FB00F8828F3EF3A001C317C /* HealthKitXMLImporter */,
				8FB00F8728F3EF3A001C317C /* Products */,
			);
			sourceTree = "<group>";
		};
		8FB00F8728F3EF3A001C317C /* Products */ = {
			isa = PBXGroup;
			children = (
				8FB00F8628F3EF3A001C317C /* HealthKitXMLImporter.app */,
			);
			name = Products;
			sourceTree = "<group>";
		};
		8FB00F8828F3EF3A001C317C /* HealthKitXMLImporter */ = {
			isa = PBXGroup;
			children = (
				8F2A474D28F452FA008E0ACB /* Info.plist */,
				8F2A474C28F45268008E0ACB /* HealthKitXMLImporter.entitlements */,
				8F2A473828F3F6CA008E0ACB /* Extensions */,
				8FB00F9828F3EF4F001C317C /* App */,
				8FB00F9728F3EF48001C317C /* Data */,
				8F2A473528F3F68F008E0ACB /* Models */,
				8FB00F9A28F3EF6C001C317C /* Views */,
				8F2A473028F3F19A008E0ACB /* Utility */,
				8FB00F9928F3EF58001C317C /* Resources */,
				8FB00F8F28F3EF3B001C317C /* Preview Content */,
			);
			path = HealthKitXMLImporter;
			sourceTree = "<group>";
		};
		8FB00F8F28F3EF3B001C317C /* Preview Content */ = {
			isa = PBXGroup;
			children = (
				8FB00F9028F3EF3B001C317C /* Preview Assets.xcassets */,
			);
			path = "Preview Content";
			sourceTree = "<group>";
		};
		8FB00F9728F3EF48001C317C /* Data */ = {
			isa = PBXGroup;
			children = (
				8F2A473128F3F1C9008E0ACB /* export.xml */,
			);
			path = Data;
			sourceTree = "<group>";
		};
		8FB00F9828F3EF4F001C317C /* App */ = {
			isa = PBXGroup;
			children = (
				8FB00F8928F3EF3A001C317C /* HealthKitXMLImporterApp.swift */,
			);
			path = App;
			sourceTree = "<group>";
		};
		8FB00F9928F3EF58001C317C /* Resources */ = {
			isa = PBXGroup;
			children = (
				8FB00F8D28F3EF3B001C317C /* Assets.xcassets */,
			);
			path = Resources;
			sourceTree = "<group>";
		};
		8FB00F9A28F3EF6C001C317C /* Views */ = {
			isa = PBXGroup;
			children = (
				8FB00F8B28F3EF3A001C317C /* ContentView.swift */,
			);
			path = Views;
			sourceTree = "<group>";
		};
/* End PBXGroup section */

/* Begin PBXNativeTarget section */
		8FB00F8528F3EF3A001C317C /* HealthKitXMLImporter */ = {
			isa = PBXNativeTarget;
			buildConfigurationList = 8FB00F9428F3EF3B001C317C /* Build configuration list for PBXNativeTarget "HealthKitXMLImporter" */;
			buildPhases = (
				8FB00F8228F3EF3A001C317C /* Sources */,
				8FB00F8328F3EF3A001C317C /* Frameworks */,
				8FB00F8428F3EF3A001C317C /* Resources */,
			);
			buildRules = (
			);
			dependencies = (
			);
			name = HealthKitXMLImporter;
			productName = HealthKitXMLImporter;
			productReference = 8FB00F8628F3EF3A001C317C /* HealthKitXMLImporter.app */;
			productType = "com.apple.product-type.application";
		};
/* End PBXNativeTarget section */

/* Begin PBXProject section */
		8FB00F7E28F3EF3A001C317C /* Project object */ = {
			isa = PBXProject;
			attributes = {
				BuildIndependentTargetsInParallel = 1;
				LastSwiftUpdateCheck = 1400;
				LastUpgradeCheck = 1400;
				TargetAttributes = {
					8FB00F8528F3EF3A001C317C = {
						CreatedOnToolsVersion = 14.0.1;
					};
				};
			};
			buildConfigurationList = 8FB00F8128F3EF3A001C317C /* Build configuration list for PBXProject "HealthKitXMLImporter" */;
			compatibilityVersion = "Xcode 14.0";
			developmentRegion = en;
			hasScannedForEncodings = 0;
			knownRegions = (
				en,
				Base,
			);
			mainGroup = 8FB00F7D28F3EF3A001C317C;
			productRefGroup = 8FB00F8728F3EF3A001C317C /* Products */;
			projectDirPath = "";
			projectRoot = "";
			targets = (
				8FB00F8528F3EF3A001C317C /* HealthKitXMLImporter */,
			);
		};
/* End PBXProject section */

/* Begin PBXResourcesBuildPhase section */
		8FB00F8428F3EF3A001C317C /* Resources */ = {
			isa = PBXResourcesBuildPhase;
			buildActionMask = 2147483647;
			files = (
				8F2A473228F3F1C9008E0ACB /* export.xml in Resources */,
				8FB00F9128F3EF3B001C317C /* Preview Assets.xcassets in Resources */,
				8FB00F8E28F3EF3B001C317C /* Assets.xcassets in Resources */,
			);
			runOnlyForDeploymentPostprocessing = 0;
		};
/* End PBXResourcesBuildPhase section */

/* Begin PBXSourcesBuildPhase section */
		8FB00F8228F3EF3A001C317C /* Sources */ = {
			isa = PBXSourcesBuildPhase;
			buildActionMask = 2147483647;
			files = (
				8FB00F8C28F3EF3A001C317C /* ContentView.swift in Sources */,
				8F2A473C28F3FFBC008E0ACB /* HKWorkoutActivityType.swift in Sources */,
				8F2A474028F4226B008E0ACB /* HKCategoryType.swift in Sources */,
				8FB00F8A28F3EF3A001C317C /* HealthKitXMLImporterApp.swift in Sources */,
				8F2A473A28F3F6D1008E0ACB /* CustomStringConvertible.swift in Sources */,
				8F2A473E28F40EAB008E0ACB /* SamplesImporter.swift in Sources */,
				8F2A474528F4464B008E0ACB /* AppleStandHour.swift in Sources */,
				8F2A474928F44A34008E0ACB /* HealthStore.swift in Sources */,
				8F2A474728F44809008E0ACB /* AppleWalkingSteadinessEvent.swift in Sources */,
				8F2A473728F3F69F008E0ACB /* HealthRecord.swift in Sources */,
				8F2A474328F44639008E0ACB /* SleepAnalysis.swift in Sources */,
				8F2A473428F3F1D7008E0ACB /* SampleXMLParserDalegate.swift in Sources */,
				8F2A474B28F44CA2008E0ACB /* HealthSampleTypes.swift in Sources */,
			);
			runOnlyForDeploymentPostprocessing = 0;
		};
/* End PBXSourcesBuildPhase section */

/* Begin XCBuildConfiguration section */
		8FB00F9228F3EF3B001C317C /* Debug */ = {
			isa = XCBuildConfiguration;
			buildSettings = {
				ALWAYS_SEARCH_USER_PATHS = NO;
				CLANG_ANALYZER_NONNULL = YES;
				CLANG_ANALYZER_NUMBER_OBJECT_CONVERSION = YES_AGGRESSIVE;
				CLANG_CXX_LANGUAGE_STANDARD = "gnu++20";
				CLANG_ENABLE_MODULES = YES;
				CLANG_ENABLE_OBJC_ARC = YES;
				CLANG_ENABLE_OBJC_WEAK = YES;
				CLANG_WARN_BLOCK_CAPTURE_AUTORELEASING = YES;
				CLANG_WARN_BOOL_CONVERSION = YES;
				CLANG_WARN_COMMA = YES;
				CLANG_WARN_CONSTANT_CONVERSION = YES;
				CLANG_WARN_DEPRECATED_OBJC_IMPLEMENTATIONS = YES;
				CLANG_WARN_DIRECT_OBJC_ISA_USAGE = YES_ERROR;
				CLANG_WARN_DOCUMENTATION_COMMENTS = YES;
				CLANG_WARN_EMPTY_BODY = YES;
				CLANG_WARN_ENUM_CONVERSION = YES;
				CLANG_WARN_INFINITE_RECURSION = YES;
				CLANG_WARN_INT_CONVERSION = YES;
				CLANG_WARN_NON_LITERAL_NULL_CONVERSION = YES;
				CLANG_WARN_OBJC_IMPLICIT_RETAIN_SELF = YES;
				CLANG_WARN_OBJC_LITERAL_CONVERSION = YES;
				CLANG_WARN_OBJC_ROOT_CLASS = YES_ERROR;
				CLANG_WARN_QUOTED_INCLUDE_IN_FRAMEWORK_HEADER = YES;
				CLANG_WARN_RANGE_LOOP_ANALYSIS = YES;
				CLANG_WARN_STRICT_PROTOTYPES = YES;
				CLANG_WARN_SUSPICIOUS_MOVE = YES;
				CLANG_WARN_UNGUARDED_AVAILABILITY = YES_AGGRESSIVE;
				CLANG_WARN_UNREACHABLE_CODE = YES;
				CLANG_WARN__DUPLICATE_METHOD_MATCH = YES;
				COPY_PHASE_STRIP = NO;
				DEBUG_INFORMATION_FORMAT = dwarf;
				ENABLE_STRICT_OBJC_MSGSEND = YES;
				ENABLE_TESTABILITY = YES;
				GCC_C_LANGUAGE_STANDARD = gnu11;
				GCC_DYNAMIC_NO_PIC = NO;
				GCC_NO_COMMON_BLOCKS = YES;
				GCC_OPTIMIZATION_LEVEL = 0;
				GCC_PREPROCESSOR_DEFINITIONS = (
					"DEBUG=1",
					"$(inherited)",
				);
				GCC_WARN_64_TO_32_BIT_CONVERSION = YES;
				GCC_WARN_ABOUT_RETURN_TYPE = YES_ERROR;
				GCC_WARN_UNDECLARED_SELECTOR = YES;
				GCC_WARN_UNINITIALIZED_AUTOS = YES_AGGRESSIVE;
				GCC_WARN_UNUSED_FUNCTION = YES;
				GCC_WARN_UNUSED_VARIABLE = YES;
				IPHONEOS_DEPLOYMENT_TARGET = 16.0;
				MTL_ENABLE_DEBUG_INFO = INCLUDE_SOURCE;
				MTL_FAST_MATH = YES;
				ONLY_ACTIVE_ARCH = YES;
				SDKROOT = iphoneos;
				SWIFT_ACTIVE_COMPILATION_CONDITIONS = DEBUG;
				SWIFT_OPTIMIZATION_LEVEL = "-Onone";
			};
			name = Debug;
		};
		8FB00F9328F3EF3B001C317C /* Release */ = {
			isa = XCBuildConfiguration;
			buildSettings = {
				ALWAYS_SEARCH_USER_PATHS = NO;
				CLANG_ANALYZER_NONNULL = YES;
				CLANG_ANALYZER_NUMBER_OBJECT_CONVERSION = YES_AGGRESSIVE;
				CLANG_CXX_LANGUAGE_STANDARD = "gnu++20";
				CLANG_ENABLE_MODULES = YES;
				CLANG_ENABLE_OBJC_ARC = YES;
				CLANG_ENABLE_OBJC_WEAK = YES;
				CLANG_WARN_BLOCK_CAPTURE_AUTORELEASING = YES;
				CLANG_WARN_BOOL_CONVERSION = YES;
				CLANG_WARN_COMMA = YES;
				CLANG_WARN_CONSTANT_CONVERSION = YES;
				CLANG_WARN_DEPRECATED_OBJC_IMPLEMENTATIONS = YES;
				CLANG_WARN_DIRECT_OBJC_ISA_USAGE = YES_ERROR;
				CLANG_WARN_DOCUMENTATION_COMMENTS = YES;
				CLANG_WARN_EMPTY_BODY = YES;
				CLANG_WARN_ENUM_CONVERSION = YES;
				CLANG_WARN_INFINITE_RECURSION = YES;
				CLANG_WARN_INT_CONVERSION = YES;
				CLANG_WARN_NON_LITERAL_NULL_CONVERSION = YES;
				CLANG_WARN_OBJC_IMPLICIT_RETAIN_SELF = YES;
				CLANG_WARN_OBJC_LITERAL_CONVERSION = YES;
				CLANG_WARN_OBJC_ROOT_CLASS = YES_ERROR;
				CLANG_WARN_QUOTED_INCLUDE_IN_FRAMEWORK_HEADER = YES;
				CLANG_WARN_RANGE_LOOP_ANALYSIS = YES;
				CLANG_WARN_STRICT_PROTOTYPES = YES;
				CLANG_WARN_SUSPICIOUS_MOVE = YES;
				CLANG_WARN_UNGUARDED_AVAILABILITY = YES_AGGRESSIVE;
				CLANG_WARN_UNREACHABLE_CODE = YES;
				CLANG_WARN__DUPLICATE_METHOD_MATCH = YES;
				COPY_PHASE_STRIP = NO;
				DEBUG_INFORMATION_FORMAT = "dwarf-with-dsym";
				ENABLE_NS_ASSERTIONS = NO;
				ENABLE_STRICT_OBJC_MSGSEND = YES;
				GCC_C_LANGUAGE_STANDARD = gnu11;
				GCC_NO_COMMON_BLOCKS = YES;
				GCC_WARN_64_TO_32_BIT_CONVERSION = YES;
				GCC_WARN_ABOUT_RETURN_TYPE = YES_ERROR;
				GCC_WARN_UNDECLARED_SELECTOR = YES;
				GCC_WARN_UNINITIALIZED_AUTOS = YES_AGGRESSIVE;
				GCC_WARN_UNUSED_FUNCTION = YES;
				GCC_WARN_UNUSED_VARIABLE = YES;
				IPHONEOS_DEPLOYMENT_TARGET = 16.0;
				MTL_ENABLE_DEBUG_INFO = NO;
				MTL_FAST_MATH = YES;
				SDKROOT = iphoneos;
				SWIFT_COMPILATION_MODE = wholemodule;
				SWIFT_OPTIMIZATION_LEVEL = "-O";
				VALIDATE_PRODUCT = YES;
			};
			name = Release;
		};
		8FB00F9528F3EF3B001C317C /* Debug */ = {
			isa = XCBuildConfiguration;
			buildSettings = {
				ASSETCATALOG_COMPILER_APPICON_NAME = AppIcon;
				ASSETCATALOG_COMPILER_GLOBAL_ACCENT_COLOR_NAME = AccentColor;
				CODE_SIGN_ENTITLEMENTS = HealthKitXMLImporter/HealthKitXMLImporter.entitlements;
				CODE_SIGN_STYLE = Automatic;
				CURRENT_PROJECT_VERSION = 1;
				DEVELOPMENT_ASSET_PATHS = "\"HealthKitXMLImporter/Preview Content\"";
				ENABLE_PREVIEWS = YES;
				GENERATE_INFOPLIST_FILE = YES;
				INFOPLIST_FILE = HealthKitXMLImporter/Info.plist;
				INFOPLIST_KEY_NSHealthClinicalHealthRecordsShareUsageDescription = "Read Samples";
				INFOPLIST_KEY_NSHealthShareUsageDescription = "Import samples";
				INFOPLIST_KEY_NSHealthUpdateUsageDescription = "import Health data";
				INFOPLIST_KEY_UIApplicationSceneManifest_Generation = YES;
				INFOPLIST_KEY_UIApplicationSupportsIndirectInputEvents = YES;
				INFOPLIST_KEY_UILaunchScreen_Generation = YES;
				INFOPLIST_KEY_UISupportedInterfaceOrientations_iPad = "UIInterfaceOrientationPortrait UIInterfaceOrientationPortraitUpsideDown UIInterfaceOrientationLandscapeLeft UIInterfaceOrientationLandscapeRight";
				INFOPLIST_KEY_UISupportedInterfaceOrientations_iPhone = "UIInterfaceOrientationPortrait UIInterfaceOrientationLandscapeLeft UIInterfaceOrientationLandscapeRight";
				LD_RUNPATH_SEARCH_PATHS = (
					"$(inherited)",
					"@executable_path/Frameworks",
				);
				MARKETING_VERSION = 1.0;
				PRODUCT_BUNDLE_IDENTIFIER = com.arnas.HealthKitXMLImporter;
				PRODUCT_NAME = "$(TARGET_NAME)";
				SWIFT_EMIT_LOC_STRINGS = YES;
				SWIFT_VERSION = 5.0;
				TARGETED_DEVICE_FAMILY = "1,2";
			};
			name = Debug;
		};
		8FB00F9628F3EF3B001C317C /* Release */ = {
			isa = XCBuildConfiguration;
			buildSettings = {
				ASSETCATALOG_COMPILER_APPICON_NAME = AppIcon;
				ASSETCATALOG_COMPILER_GLOBAL_ACCENT_COLOR_NAME = AccentColor;
				CODE_SIGN_ENTITLEMENTS = HealthKitXMLImporter/HealthKitXMLImporter.entitlements;
				CODE_SIGN_STYLE = Automatic;
				CURRENT_PROJECT_VERSION = 1;
				DEVELOPMENT_ASSET_PATHS = "\"HealthKitXMLImporter/Preview Content\"";
				ENABLE_PREVIEWS = YES;
				GENERATE_INFOPLIST_FILE = YES;
				INFOPLIST_FILE = HealthKitXMLImporter/Info.plist;
				INFOPLIST_KEY_NSHealthClinicalHealthRecordsShareUsageDescription = "Read Samples";
				INFOPLIST_KEY_NSHealthShareUsageDescription = "Import samples";
				INFOPLIST_KEY_NSHealthUpdateUsageDescription = "import Health data";
				INFOPLIST_KEY_UIApplicationSceneManifest_Generation = YES;
				INFOPLIST_KEY_UIApplicationSupportsIndirectInputEvents = YES;
				INFOPLIST_KEY_UILaunchScreen_Generation = YES;
				INFOPLIST_KEY_UISupportedInterfaceOrientations_iPad = "UIInterfaceOrientationPortrait UIInterfaceOrientationPortraitUpsideDown UIInterfaceOrientationLandscapeLeft UIInterfaceOrientationLandscapeRight";
				INFOPLIST_KEY_UISupportedInterfaceOrientations_iPhone = "UIInterfaceOrientationPortrait UIInterfaceOrientationLandscapeLeft UIInterfaceOrientationLandscapeRight";
				LD_RUNPATH_SEARCH_PATHS = (
					"$(inherited)",
					"@executable_path/Frameworks",
				);
				MARKETING_VERSION = 1.0;
				PRODUCT_BUNDLE_IDENTIFIER = com.arnas.HealthKitXMLImporter;
				PRODUCT_NAME = "$(TARGET_NAME)";
				SWIFT_EMIT_LOC_STRINGS = YES;
				SWIFT_VERSION = 5.0;
				TARGETED_DEVICE_FAMILY = "1,2";
			};
			name = Release;
		};
/* End XCBuildConfiguration section */

/* Begin XCConfigurationList section */
		8FB00F8128F3EF3A001C317C /* Build configuration list for PBXProject "HealthKitXMLImporter" */ = {
			isa = XCConfigurationList;
			buildConfigurations = (
				8FB00F9228F3EF3B001C317C /* Debug */,
				8FB00F9328F3EF3B001C317C /* Release */,
			);
			defaultConfigurationIsVisible = 0;
			defaultConfigurationName = Release;
		};
		8FB00F9428F3EF3B001C317C /* Build configuration list for PBXNativeTarget "HealthKitXMLImporter" */ = {
			isa = XCConfigurationList;
			buildConfigurations = (
				8FB00F9528F3EF3B001C317C /* Debug */,
				8FB00F9628F3EF3B001C317C /* Release */,
			);
			defaultConfigurationIsVisible = 0;
			defaultConfigurationName = Release;
		};
/* End XCConfigurationList section */
	};
	rootObject = 8FB00F7E28F3EF3A001C317C /* Project object */;
}
